// !$*UTF8*$!
{
	archiveVersion = 1;
	classes = {
	};
	objectVersion = 46;
	objects = {

/* Begin PBXBuildFile section */
		66DCEE261ECD1C3100094660 /* AppDelegate.swift in Sources */ = {isa = PBXBuildFile; fileRef = 66DCEE251ECD1C3100094660 /* AppDelegate.swift */; };
		66DCEE281ECD1C3100094660 /* ViewController.swift in Sources */ = {isa = PBXBuildFile; fileRef = 66DCEE271ECD1C3100094660 /* ViewController.swift */; };
		66DCEE2B1ECD1C3100094660 /* Main.storyboard in Resources */ = {isa = PBXBuildFile; fileRef = 66DCEE291ECD1C3100094660 /* Main.storyboard */; };
		66DCEE2D1ECD1C3100094660 /* Assets.xcassets in Resources */ = {isa = PBXBuildFile; fileRef = 66DCEE2C1ECD1C3100094660 /* Assets.xcassets */; };
		66DCEE301ECD1C3100094660 /* LaunchScreen.storyboard in Resources */ = {isa = PBXBuildFile; fileRef = 66DCEE2E1ECD1C3100094660 /* LaunchScreen.storyboard */; };
		66E5C59D1EF8AD6D004CC388 /* secondViewController.swift in Sources */ = {isa = PBXBuildFile; fileRef = 66E5C59C1EF8AD6D004CC388 /* secondViewController.swift */; };
/* End PBXBuildFile section */

/* Begin PBXFileReference section */
		66DCEE221ECD1C3100094660 /* gitTest.app */ = {isa = PBXFileReference; explicitFileType = wrapper.application; includeInIndex = 0; path = gitTest.app; sourceTree = BUILT_PRODUCTS_DIR; };
		66DCEE251ECD1C3100094660 /* AppDelegate.swift */ = {isa = PBXFileReference; lastKnownFileType = sourcecode.swift; path = AppDelegate.swift; sourceTree = "<group>"; };
		66DCEE271ECD1C3100094660 /* ViewController.swift */ = {isa = PBXFileReference; lastKnownFileType = sourcecode.swift; path = ViewController.swift; sourceTree = "<group>"; };
		66DCEE2A1ECD1C3100094660 /* Base */ = {isa = PBXFileReference; lastKnownFileType = file.storyboard; name = Base; path = Base.lproj/Main.storyboard; sourceTree = "<group>"; };
		66DCEE2C1ECD1C3100094660 /* Assets.xcassets */ = {isa = PBXFileReference; lastKnownFileType = folder.assetcatalog; path = Assets.xcassets; sourceTree = "<group>"; };
		66DCEE2F1ECD1C3100094660 /* Base */ = {isa = PBXFileReference; lastKnownFileType = file.storyboard; name = Base; path = Base.lproj/LaunchScreen.storyboard; sourceTree = "<group>"; };
		66DCEE311ECD1C3100094660 /* Info.plist */ = {isa = PBXFileReference; lastKnownFileType = text.plist.xml; path = Info.plist; sourceTree = "<group>"; };
		66E5C59C1EF8AD6D004CC388 /* secondViewController.swift */ = {isa = PBXFileReference; fileEncoding = 4; lastKnownFileType = sourcecode.swift; path = secondViewController.swift; sourceTree = "<group>"; };
/* End PBXFileReference section */

/* Begin PBXFrameworksBuildPhase section */
		66DCEE1F1ECD1C3100094660 /* Frameworks */ = {
			isa = PBXFrameworksBuildPhase;
			buildActionMask = 2147483647;
			files = (
			);
			runOnlyForDeploymentPostprocessing = 0;
		};
/* End PBXFrameworksBuildPhase section */

/* Begin PBXGroup section */
		66DCEE191ECD1C3100094660 = {
			isa = PBXGroup;
			children = (
				66DCEE241ECD1C3100094660 /* gitTest */,
				66DCEE231ECD1C3100094660 /* Products */,
			);
			sourceTree = "<group>";
		};
		66DCEE231ECD1C3100094660 /* Products */ = {
			isa = PBXGroup;
			children = (
				66DCEE221ECD1C3100094660 /* gitTest.app */,
			);
			name = Products;
			sourceTree = "<group>";
		};
		66DCEE241ECD1C3100094660 /* gitTest */ = {
			isa = PBXGroup;
			children = (
				66DCEE251ECD1C3100094660 /* AppDelegate.swift */,
				66DCEE271ECD1C3100094660 /* ViewController.swift */,
				66DCEE291ECD1C3100094660 /* Main.storyboard */,
				66DCEE2C1ECD1C3100094660 /* Assets.xcassets */,
				66DCEE2E1ECD1C3100094660 /* LaunchScreen.storyboard */,
				66DCEE311ECD1C3100094660 /* Info.plist */,
				66E5C59C1EF8AD6D004CC388 /* secondViewController.swift */,
			);
			path = gitTest;
			sourceTree = "<group>";
		};
/* End PBXGroup section */

/* Begin PBXNativeTarget section */
		66DCEE211ECD1C3100094660 /* gitTest */ = {
			isa = PBXNativeTarget;
			buildConfigurationList = 66DCEE341ECD1C3100094660 /* Build configuration list for PBXNativeTarget "gitTest" */;
			buildPhases = (
				66DCEE1E1ECD1C3100094660 /* Sources */,
				66DCEE1F1ECD1C3100094660 /* Frameworks */,
				66DCEE201ECD1C3100094660 /* Resources */,
			);
			buildRules = (
			);
			dependencies = (
			);
			name = gitTest;
			productName = gitTest;
			productReference = 66DCEE221ECD1C3100094660 /* gitTest.app */;
			productType = "com.apple.product-type.application";
		};
/* End PBXNativeTarget section */

/* Begin PBXProject section */
		66DCEE1A1ECD1C3100094660 /* Project object */ = {
			isa = PBXProject;
			attributes = {
				LastSwiftUpdateCheck = 0830;
				LastUpgradeCheck = 0830;
				ORGANIZATIONNAME = "Ben Daniell";
				TargetAttributes = {
					66DCEE211ECD1C3100094660 = {
						CreatedOnToolsVersion = 8.3.2;
						DevelopmentTeam = CH9Z49BEWF;
						ProvisioningStyle = Automatic;
					};
				};
			};
			buildConfigurationList = 66DCEE1D1ECD1C3100094660 /* Build configuration list for PBXProject "gitTest" */;
			compatibilityVersion = "Xcode 3.2";
			developmentRegion = English;
			hasScannedForEncodings = 0;
			knownRegions = (
				en,
				Base,
			);
			mainGroup = 66DCEE191ECD1C3100094660;
			productRefGroup = 66DCEE231ECD1C3100094660 /* Products */;
			projectDirPath = "";
			projectRoot = "";
			targets = (
				66DCEE211ECD1C3100094660 /* gitTest */,
			);
		};
/* End PBXProject section */

/* Begin PBXResourcesBuildPhase section */
		66DCEE201ECD1C3100094660 /* Resources */ = {
			isa = PBXResourcesBuildPhase;
			buildActionMask = 2147483647;
			files = (
				66DCEE301ECD1C3100094660 /* LaunchScreen.storyboard in Resources */,
				66DCEE2D1ECD1C3100094660 /* Assets.xcassets in Resources */,
				66DCEE2B1ECD1C3100094660 /* Main.storyboard in Resources */,
			);
			runOnlyForDeploymentPostprocessing = 0;
		};
/* End PBXResourcesBuildPhase section */

/* Begin PBXSourcesBuildPhase section */
		66DCEE1E1ECD1C3100094660 /* Sources */ = {
			isa = PBXSourcesBuildPhase;
			buildActionMask = 2147483647;
			files = (
				66DCEE281ECD1C3100094660 /* ViewController.swift in Sources */,
				66E5C59D1EF8AD6D004CC388 /* secondViewController.swift in Sources */,
				66DCEE261ECD1C3100094660 /* AppDelegate.swift in Sources */,
			);
			runOnlyForDeploymentPostprocessing = 0;
		};
/* End PBXSourcesBuildPhase section */

/* Begin PBXVariantGroup section */
		66DCEE291ECD1C3100094660 /* Main.storyboard */ = {
			isa = PBXVariantGroup;
			children = (
				66DCEE2A1ECD1C3100094660 /* Base */,
			);
			name = Main.storyboard;
			sourceTree = "<group>";
		};
		66DCEE2E1ECD1C3100094660 /* LaunchScreen.storyboard */ = {
			isa = PBXVariantGroup;
			children = (
				66DCEE2F1ECD1C3100094660 /* Base */,
			);
			name = LaunchScreen.storyboard;
			sourceTree = "<group>";
		};
/* End PBXVariantGroup section */

/* Begin XCBuildConfiguration section */
		66DCEE321ECD1C3100094660 /* Debug */ = {
			isa = XCBuildConfiguration;
			buildSettings = {
				ALWAYS_SEARCH_USER_PATHS = NO;
				CLANG_ANALYZER_NONNULL = YES;
				CLANG_ANALYZER_NUMBER_OBJECT_CONVERSION = YES_AGGRESSIVE;
				CLANG_CXX_LANGUAGE_STANDARD = "gnu++0x";
				CLANG_CXX_LIBRARY = "libc++";
				CLANG_ENABLE_MODULES = YES;
				CLANG_ENABLE_OBJC_ARC = YES;
				CLANG_WARN_BOOL_CONVERSION = YES;
				CLANG_WARN_CONSTANT_CONVERSION = YES;
				CLANG_WARN_DIRECT_OBJC_ISA_USAGE = YES_ERROR;
				CLANG_WARN_DOCUMENTATION_COMMENTS = YES;
				CLANG_WARN_EMPTY_BODY = YES;
				CLANG_WARN_ENUM_CONVERSION = YES;
				CLANG_WARN_INFINITE_RECURSION = YES;
				CLANG_WARN_INT_CONVERSION = YES;
				CLANG_WARN_OBJC_ROOT_CLASS = YES_ERROR;
				CLANG_WARN_SUSPICIOUS_MOVE = YES;
				CLANG_WARN_UNREACHABLE_CODE = YES;
				CLANG_WARN__DUPLICATE_METHOD_MATCH = YES;
				"CODE_SIGN_IDENTITY[sdk=iphoneos*]" = "iPhone Developer";
				COPY_PHASE_STRIP = NO;
				DEBUG_INFORMATION_FORMAT = dwarf;
				ENABLE_STRICT_OBJC_MSGSEND = YES;
				ENABLE_TESTABILITY = YES;
				GCC_C_LANGUAGE_STANDARD = gnu99;
				GCC_DYNAMIC_NO_PIC = NO;
				GCC_NO_COMMON_BLOCKS = YES;
				GCC_OPTIMIZATION_LEVEL = 0;
				GCC_PREPROCESSOR_DEFINITIONS = (
					"DEBUG=1",
					"$(inherited)",
				);
				GCC_WARN_64_TO_32_BIT_CONVERSION = YES;
				GCC_WARN_ABOUT_RETURN_TYPE = YES_ERROR;
				GCC_WARN_UNDECLARED_SELECTOR = YES;
				GCC_WARN_UNINITIALIZED_AUTOS = YES_AGGRESSIVE;
				GCC_WARN_UNUSED_FUNCTION = YES;
				GCC_WARN_UNUSED_VARIABLE = YES;
				IPHONEOS_DEPLOYMENT_TARGET = 10.3;
				MTL_ENABLE_DEBUG_INFO = YES;
				ONLY_ACTIVE_ARCH = YES;
				SDKROOT = iphoneos;
				SWIFT_ACTIVE_COMPILATION_CONDITIONS = DEBUG;
				SWIFT_OPTIMIZATION_LEVEL = "-Onone";
				TARGETED_DEVICE_FAMILY = "1,2";
			};
			name = Debug;
		};
		66DCEE331ECD1C3100094660 /* Release */ = {
			isa = XCBuildConfiguration;
			buildSettings = {
				ALWAYS_SEARCH_USER_PATHS = NO;
				CLANG_ANALYZER_NONNULL = YES;
				CLANG_ANALYZER_NUMBER_OBJECT_CONVERSION = YES_AGGRESSIVE;
				CLANG_CXX_LANGUAGE_STANDARD = "gnu++0x";
				CLANG_CXX_LIBRARY = "libc++";
				CLANG_ENABLE_MODULES = YES;
				CLANG_ENABLE_OBJC_ARC = YES;
				CLANG_WARN_BOOL_CONVERSION = YES;
				CLANG_WARN_CONSTANT_CONVERSION = YES;
				CLANG_WARN_DIRECT_OBJC_ISA_USAGE = YES_ERROR;
				CLANG_WARN_DOCUMENTATION_COMMENTS = YES;
				CLANG_WARN_EMPTY_BODY = YES;
				CLANG_WARN_ENUM_CONVERSION = YES;
				CLANG_WARN_INFINITE_RECURSION = YES;
				CLANG_WARN_INT_CONVERSION = YES;
				CLANG_WARN_OBJC_ROOT_CLASS = YES_ERROR;
				CLANG_WARN_SUSPICIOUS_MOVE = YES;
				CLANG_WARN_UNREACHABLE_CODE = YES;
				CLANG_WARN__DUPLICATE_METHOD_MATCH = YES;
				"CODE_SIGN_IDENTITY[sdk=iphoneos*]" = "iPhone Developer";
				COPY_PHASE_STRIP = NO;
				DEBUG_INFORMATION_FORMAT = "dwarf-with-dsym";
				ENABLE_NS_ASSERTIONS = NO;
				ENABLE_STRICT_OBJC_MSGSEND = YES;
				GCC_C_LANGUAGE_STANDARD = gnu99;
				GCC_NO_COMMON_BLOCKS = YES;
				GCC_WARN_64_TO_32_BIT_CONVERSION = YES;
				GCC_WARN_ABOUT_RETURN_TYPE = YES_ERROR;
				GCC_WARN_UNDECLARED_SELECTOR = YES;
				GCC_WARN_UNINITIALIZED_AUTOS = YES_AGGRESSIVE;
				GCC_WARN_UNUSED_FUNCTION = YES;
				GCC_WARN_UNUSED_VARIABLE = YES;
				IPHONEOS_DEPLOYMENT_TARGET = 10.3;
				MTL_ENABLE_DEBUG_INFO = NO;
				SDKROOT = iphoneos;
				SWIFT_OPTIMIZATION_LEVEL = "-Owholemodule";
				TARGETED_DEVICE_FAMILY = "1,2";
				VALIDATE_PRODUCT = YES;
			};
			name = Release;
		};
		66DCEE351ECD1C3100094660 /* Debug */ = {
			isa = XCBuildConfiguration;
			buildSettings = {
				ASSETCATALOG_COMPILER_APPICON_NAME = AppIcon;
				DEVELOPMENT_TEAM = CH9Z49BEWF;
				INFOPLIST_FILE = gitTest/Info.plist;
				LD_RUNPATH_SEARCH_PATHS = "$(inherited) @executable_path/Frameworks";
				PRODUCT_BUNDLE_IDENTIFIER = com.cgscomputing.BenDaniell.gitTest;
				PRODUCT_NAME = "$(TARGET_NAME)";
				SWIFT_VERSION = 3.0;
			};
			name = Debug;
		};
		66DCEE361ECD1C3100094660 /* Release */ = {
			isa = XCBuildConfiguration;
			buildSettings = {
				ASSETCATALOG_COMPILER_APPICON_NAME = AppIcon;
				DEVELOPMENT_TEAM = CH9Z49BEWF;
				INFOPLIST_FILE = gitTest/Info.plist;
				LD_RUNPATH_SEARCH_PATHS = "$(inherited) @executable_path/Frameworks";
				PRODUCT_BUNDLE_IDENTIFIER = com.cgscomputing.BenDaniell.gitTest;
				PRODUCT_NAME = "$(TARGET_NAME)";
				SWIFT_VERSION = 3.0;
			};
			name = Release;
		};
/* End XCBuildConfiguration section */

/* Begin XCConfigurationList section */
		66DCEE1D1ECD1C3100094660 /* Build configuration list for PBXProject "gitTest" */ = {
			isa = XCConfigurationList;
			buildConfigurations = (
				66DCEE321ECD1C3100094660 /* Debug */,
				66DCEE331ECD1C3100094660 /* Release */,
			);
			defaultConfigurationIsVisible = 0;
			defaultConfigurationName = Release;
		};
		66DCEE341ECD1C3100094660 /* Build configuration list for PBXNativeTarget "gitTest" */ = {
			isa = XCConfigurationList;
			buildConfigurations = (
				66DCEE351ECD1C3100094660 /* Debug */,
				66DCEE361ECD1C3100094660 /* Release */,
			);
			defaultConfigurationIsVisible = 0;
			defaultConfigurationName = Release;
		};
/* End XCConfigurationList section */
	};
	rootObject = 66DCEE1A1ECD1C3100094660 /* Project object */;
}
